
Microsoft Visual Studio Solution File, Format Version 12.00
# Visual Studio Version 16
VisualStudioVersion = 16.0.30104.148
MinimumVisualStudioVersion = 10.0.40219.1
Project("{9A19103F-16F7-4668-BE54-9A1E7A4F7556}") = "PDFwithBlazor", "PDFwithBlazor\PDFwithBlazor.csproj", "{4BBA83DE-AB5E-4773-BD89-8962D338AE02}"
EndProject
Global
	GlobalSection(SolutionConfigurationPlatforms) = preSolution
		Debug|Any CPU = Debug|Any CPU
		Release|Any CPU = Release|Any CPU
	EndGlobalSection
	GlobalSection(ProjectConfigurationPlatforms) = postSolution
		{4BBA83DE-AB5E-4773-BD89-8962D338AE02}.Debug|Any CPU.ActiveCfg = Debug|Any CPU
		{4BBA83DE-AB5E-4773-BD89-8962D338AE02}.Debug|Any CPU.Build.0 = Debug|Any CPU
		{4BBA83DE-AB5E-4773-BD89-8962D338AE02}.Release|Any CPU.ActiveCfg = Release|Any CPU
		{4BBA83DE-AB5E-4773-BD89-8962D338AE02}.Release|Any CPU.Build.0 = Release|Any CPU
	EndGlobalSection
	GlobalSection(SolutionProperties) = preSolution
		HideSolutionNode = FALSE
	EndGlobalSection
	GlobalSection(ExtensibilityGlobals) = postSolution
		SolutionGuid = {AB554AA3-4B59-4563-82DE-5AF9829B51F0}
	EndGlobalSection
EndGlobal
